{
  "name": "ical-events",
  "version": "0.1.0",
  "lockfileVersion": 1,
  "requires": true,
  "dependencies": {
    "ical-generator": {
      "version": "1.15.0",
      "resolved": "https://registry.npmjs.org/ical-generator/-/ical-generator-1.15.0.tgz",
      "integrity": "sha512-UdNOHps1y9GK2/4Mb1eeAlnIqS8cHFOFf1NiCnpzZps+iqyqZn4tQAJJZxt4TjdVkiVCQeKRaaMhTRy4tZEcYQ==",
      "requires": {
        "moment-timezone": "^0.5.31"
      }
    },
    "moment": {
      "version": "2.29.0",
      "resolved": "https://registry.npmjs.org/moment/-/moment-2.29.0.tgz",
      "integrity": "sha512-z6IJ5HXYiuxvFTI6eiQ9dm77uE0gyy1yXNApVHqTcnIKfY9tIwEjlzsZ6u1LQXvVgKeTnv9Xm7NDvJ7lso3MtA=="
    },
    "moment-timezone": {
      "version": "0.5.31",
      "resolved": "https://registry.npmjs.org/moment-timezone/-/moment-timezone-0.5.31.tgz",
      "integrity": "sha512-+GgHNg8xRhMXfEbv81iDtrVeTcWt0kWmTEY1XQK14dICTXnWJnT0dxdlPspwqF3keKMVPXwayEsk1DI0AA/jdA==",
      "requires": {
        "moment": ">= 2.9.0"
      }
    }
  }
}
